
Microsoft Visual Studio Solution File, Format Version 12.00
# Visual Studio Version 16
VisualStudioVersion = 16.0.29411.108
MinimumVisualStudioVersion = 10.0.40219.1
Project("{9A19103F-16F7-4668-BE54-9A1E7A4F7556}") = "Localization", "Localization.csproj", "{491F7E7F-917C-4AAC-90B0-EA8A5E45F878}"
EndProject
Global
	GlobalSection(SolutionConfigurationPlatforms) = preSolution
		Debug|Any CPU = Debug|Any CPU
		Release|Any CPU = Release|Any CPU
	EndGlobalSection
	GlobalSection(ProjectConfigurationPlatforms) = postSolution
		{491F7E7F-917C-4AAC-90B0-EA8A5E45F878}.Debug|Any CPU.ActiveCfg = Debug|Any CPU
		{491F7E7F-917C-4AAC-90B0-EA8A5E45F878}.Debug|Any CPU.Build.0 = Debug|Any CPU
		{491F7E7F-917C-4AAC-90B0-EA8A5E45F878}.Release|Any CPU.ActiveCfg = Release|Any CPU
		{491F7E7F-917C-4AAC-90B0-EA8A5E45F878}.Release|Any CPU.Build.0 = Release|Any CPU
	EndGlobalSection
	GlobalSection(SolutionProperties) = preSolution
		HideSolutionNode = FALSE
	EndGlobalSection
	GlobalSection(ExtensibilityGlobals) = postSolution
		SolutionGuid = {5463D8DF-3F6D-4330-B527-83BA09A928CB}
	EndGlobalSection
	GlobalSection(TeamFoundationVersionControl) = preSolution
		SccNumberOfProjects = 2
		SccEnterpriseProvider = {4CA58AB2-18FA-4F8D-95D4-32DDF27D184C}
		SccTeamFoundationServer = https://myauu.visualstudio.com/
		SccLocalPath0 = .
		SccProjectUniqueName1 = Localization.csproj
		SccLocalPath1 = .
	EndGlobalSection
EndGlobal
